lockVersion: 2.0.0
id: bb6615c0-9f38-428a-8bff-8c6b3bf41f50
management:
  docChecksum: 8f27a31f7c8db7031d59e44e22e0a9d2
  docVersion: 1.0.0
  speakeasyVersion: internal
  generationVersion: 2.272.4
  releaseVersion: 0.6.0
  configChecksum: f10a45fa95e5f7bac883235dd7f41a97
  repoURL: https://github.com/speakeasy-sdks/test-bar-ts.git
  repoSubDirectory: .
  installationURL: https://github.com/speakeasy-sdks/test-bar-ts
features:
  typescript:
    core: 3.4.8
    errors: 2.81.8
    examples: 2.81.3
    globalSecurity: 2.82.3
    globalServerURLs: 2.82.1
    inputOutputModels: 2.83.0
    serverIDs: 2.81.2
generatedFiles:
  - src/sdk/authentication.ts
  - src/sdk/drinks.ts
  - src/sdk/ingredients.ts
  - src/sdk/orders.ts
  - src/sdk/config.ts
  - src/sdk/sdk.ts
  - .eslintrc.yml
  - jest.config.js
  - package-lock.json
  - package.json
  - src/index.ts
  - src/internal/utils/contenttype.ts
  - src/internal/utils/headers.ts
  - src/internal/utils/index.ts
  - src/internal/utils/pathparams.ts
  - src/internal/utils/queryparams.ts
  - src/internal/utils/requestbody.ts
  - src/internal/utils/retries.ts
  - src/internal/utils/security.ts
  - src/internal/utils/utils.ts
  - src/sdk/index.ts
  - src/sdk/models/errors/sdkerror.ts
  - src/sdk/types/index.ts
  - src/sdk/types/rfcdate.ts
  - tsconfig.json
  - src/sdk/models/operations/authenticate.ts
  - src/sdk/models/operations/getdrink.ts
  - src/sdk/models/operations/listdrinks.ts
  - src/sdk/models/operations/listingredients.ts
  - src/sdk/models/operations/createorder.ts
  - src/sdk/models/operations/subscribetowebhooks.ts
  - src/sdk/models/shared/error.ts
  - src/sdk/models/shared/drink.ts
  - src/sdk/models/shared/drinktype.ts
  - src/sdk/models/shared/ingredient.ts
  - src/sdk/models/shared/ingredienttype.ts
  - src/sdk/models/shared/order.ts
  - src/sdk/models/shared/ordertype.ts
  - src/sdk/models/shared/orderinput.ts
  - src/sdk/models/shared/security.ts
  - src/sdk/models/shared/ingredientinput.ts
  - src/sdk/models/shared/drinkinput.ts
  - src/sdk/models/errors/apierror.ts
  - src/sdk/models/callbacks/createorder.ts
  - src/sdk/models/webhooks/stockupdate.ts
  - src/sdk/models/errors/index.ts
  - src/sdk/models/operations/index.ts
  - src/sdk/models/shared/index.ts
  - src/sdk/models/callbacks/index.ts
  - src/sdk/models/webhooks/index.ts
  - docs/sdk/models/operations/authenticaterequestbody.md
  - docs/sdk/models/operations/authenticateresponsebody.md
  - docs/sdk/models/operations/authenticateresponse.md
  - docs/sdk/models/operations/getdrinkrequest.md
  - docs/sdk/models/operations/getdrinkresponse.md
  - docs/sdk/models/operations/listdrinksrequest.md
  - docs/sdk/models/operations/listdrinksresponse.md
  - docs/sdk/models/operations/listingredientsrequest.md
  - docs/sdk/models/operations/listingredientsresponse.md
  - docs/sdk/models/operations/createorderrequest.md
  - docs/sdk/models/operations/createorderresponse.md
  - docs/sdk/models/operations/webhook.md
  - docs/sdk/models/operations/requestbody.md
  - docs/sdk/models/operations/subscribetowebhooksresponse.md
  - docs/sdk/models/shared/errort.md
  - docs/sdk/models/shared/drink.md
  - docs/sdk/models/shared/drinktype.md
  - docs/sdk/models/shared/ingredient.md
  - docs/sdk/models/shared/ingredienttype.md
  - docs/sdk/models/shared/status.md
  - docs/sdk/models/shared/order.md
  - docs/sdk/models/shared/ordertype.md
  - docs/sdk/models/shared/orderinput.md
  - docs/sdk/models/shared/security.md
  - docs/sdk/models/shared/ingredientinput.md
  - docs/sdk/models/shared/drinkinput.md
  - docs/sdk/models/errors/apierror.md
  - docs/sdk/models/callbacks/createorderorderupdateresponse.md
  - docs/sdk/models/callbacks/createorderorderupdaterequestbody.md
  - docs/sdk/models/webhooks/stockupdateresponse.md
  - docs/sdk/models/webhooks/stockupdaterequestbody.md
  - docs/sdks/anothertestbar/README.md
  - docs/sdks/authentication/README.md
  - docs/sdks/drinks/README.md
  - docs/sdks/ingredients/README.md
  - docs/sdks/orders/README.md
  - docs/sdks/config/README.md
  - USAGE.md
  - .gitattributes
